
Microsoft Visual Studio Solution File, Format Version 12.00
# Visual Studio Version 17
VisualStudioVersion = 17.7.34018.315
MinimumVisualStudioVersion = 10.0.40219.1
Project("{FAE04EC0-301F-11D3-BF4B-00C04F79EFBC}") = "Gamers_Arena", "Gamers_Arena\Gamers_Arena.csproj", "{219A1084-B5F5-4E7B-95D9-B84DB06C12D5}"
EndProject
Global
	GlobalSection(SolutionConfigurationPlatforms) = preSolution
		Debug|Any CPU = Debug|Any CPU
		Release|Any CPU = Release|Any CPU
	EndGlobalSection
	GlobalSection(ProjectConfigurationPlatforms) = postSolution
		{219A1084-B5F5-4E7B-95D9-B84DB06C12D5}.Debug|Any CPU.ActiveCfg = Debug|Any CPU
		{219A1084-B5F5-4E7B-95D9-B84DB06C12D5}.Debug|Any CPU.Build.0 = Debug|Any CPU
		{219A1084-B5F5-4E7B-95D9-B84DB06C12D5}.Release|Any CPU.ActiveCfg = Release|Any CPU
		{219A1084-B5F5-4E7B-95D9-B84DB06C12D5}.Release|Any CPU.Build.0 = Release|Any CPU
	EndGlobalSection
	GlobalSection(SolutionProperties) = preSolution
		HideSolutionNode = FALSE
	EndGlobalSection
	GlobalSection(ExtensibilityGlobals) = postSolution
		SolutionGuid = {94083E38-94BF-4334-BC0C-1F46E823E4AA}
	EndGlobalSection
EndGlobal
